<?xml version="1.0" encoding="utf-8"?>
<Project ToolsVersion="15.0" xmlns="http://schemas.microsoft.com/developer/msbuild/2003">
  <ItemGroup>
    <CustomBuild Include="E:\codinglife\TeamTalk-master\TeamTalk-master\server\src\libsecurity\win\CMakeFiles\21a84c28e9b7a24a1cd4b953f4ea8bf7\generate.stamp.rule">
      <Filter>CMake Rules</Filter>
    </CustomBuild>
  </ItemGroup>
  <ItemGroup>
    <Filter Include="CMake Rules">
      <UniqueIdentifier>{B073B5E5-C54C-3DCA-86B3-DEC8C0B3D452}</UniqueIdentifier>
    </Filter>
  </ItemGroup>
</Project>
